
Microsoft Visual Studio Solution File, Format Version 12.00
# Visual Studio Version 16
VisualStudioVersion = 16.0.30114.105
MinimumVisualStudioVersion = 10.0.40219.1
Project("{2150E333-8FDC-42A3-9474-1A3956D46DE8}") = "src", "src", "{5B058E9C-F215-4C64-B120-E1B0B132920E}"
EndProject
Project("{F2A71F9B-5D33-465A-A702-920D77279786}") = "MBrace.Core", "src\MBrace.Core\MBrace.Core.fsproj", "{6F56D9AA-09C6-4602-BEC4-79469129464C}"
EndProject
Project("{2150E333-8FDC-42A3-9474-1A3956D46DE8}") = "tests", "tests", "{4D1C70F7-C170-4256-B5F3-A7D7D822C828}"
EndProject
Project("{F2A71F9B-5D33-465A-A702-920D77279786}") = "MBrace.Core.Tests", "tests\MBrace.Core.Tests\MBrace.Core.Tests.fsproj", "{2BA4B2C5-F570-41D6-9F80-579499EAE9DA}"
EndProject
Project("{F2A71F9B-5D33-465A-A702-920D77279786}") = "MBrace.Flow", "src\MBrace.Flow\MBrace.Flow.fsproj", "{5A6749B3-FE6B-454C-AB54-A04E34541B3E}"
EndProject
Project("{F2A71F9B-5D33-465A-A702-920D77279786}") = "MBrace.Runtime", "src\MBrace.Runtime\MBrace.Runtime.fsproj", "{3A25C862-BD14-4E5A-8869-2B77857E9AED}"
EndProject
Project("{F2A71F9B-5D33-465A-A702-920D77279786}") = "MBrace.Runtime.Tests", "tests\MBrace.Runtime.Tests\MBrace.Runtime.Tests.fsproj", "{F77F0CE1-7A05-424C-A305-5B44F04B835B}"
EndProject
Project("{FAE04EC0-301F-11D3-BF4B-00C04F79EFBC}") = "MBrace.CSharp", "src\MBrace.CSharp\MBrace.CSharp.csproj", "{9B348193-D37E-4ECE-8047-74270A79A56C}"
EndProject
Project("{FAE04EC0-301F-11D3-BF4B-00C04F79EFBC}") = "MBrace.CSharp.Tests", "tests\MBrace.CSharp.Tests\MBrace.CSharp.Tests.csproj", "{9A3BCF23-086F-4762-98DB-710CBBACEAC9}"
EndProject
Project("{F2A71F9B-5D33-465A-A702-920D77279786}") = "MBrace.Thespian", "src\MBrace.Thespian\MBrace.Thespian.fsproj", "{CEA96F02-FC84-4A9C-9995-C5F720D09826}"
EndProject
Project("{F2A71F9B-5D33-465A-A702-920D77279786}") = "MBrace.Thespian.Tests", "tests\MBrace.Thespian.Tests\MBrace.Thespian.Tests.fsproj", "{13B7D891-02BA-40F3-AFF1-896E9643B865}"
EndProject
Project("{F2A71F9B-5D33-465A-A702-920D77279786}") = "MBrace.Thespian.Worker", "src\MBrace.Thespian.Worker\MBrace.Thespian.Worker.fsproj", "{14A7CE76-94B8-46EB-9C44-34B5BBD757D4}"
EndProject
Global
	GlobalSection(SolutionConfigurationPlatforms) = preSolution
		Debug|Any CPU = Debug|Any CPU
		Release|Any CPU = Release|Any CPU
	EndGlobalSection
	GlobalSection(SolutionProperties) = preSolution
		HideSolutionNode = FALSE
	EndGlobalSection
	GlobalSection(ProjectConfigurationPlatforms) = postSolution
		{6F56D9AA-09C6-4602-BEC4-79469129464C}.Debug|Any CPU.ActiveCfg = Debug|Any CPU
		{6F56D9AA-09C6-4602-BEC4-79469129464C}.Debug|Any CPU.Build.0 = Debug|Any CPU
		{6F56D9AA-09C6-4602-BEC4-79469129464C}.Release|Any CPU.ActiveCfg = Release|Any CPU
		{6F56D9AA-09C6-4602-BEC4-79469129464C}.Release|Any CPU.Build.0 = Release|Any CPU
		{2BA4B2C5-F570-41D6-9F80-579499EAE9DA}.Debug|Any CPU.ActiveCfg = Debug|Any CPU
		{2BA4B2C5-F570-41D6-9F80-579499EAE9DA}.Debug|Any CPU.Build.0 = Debug|Any CPU
		{2BA4B2C5-F570-41D6-9F80-579499EAE9DA}.Release|Any CPU.ActiveCfg = Release|Any CPU
		{2BA4B2C5-F570-41D6-9F80-579499EAE9DA}.Release|Any CPU.Build.0 = Release|Any CPU
		{5A6749B3-FE6B-454C-AB54-A04E34541B3E}.Debug|Any CPU.ActiveCfg = Debug|Any CPU
		{5A6749B3-FE6B-454C-AB54-A04E34541B3E}.Debug|Any CPU.Build.0 = Debug|Any CPU
		{5A6749B3-FE6B-454C-AB54-A04E34541B3E}.Release|Any CPU.ActiveCfg = Release|Any CPU
		{5A6749B3-FE6B-454C-AB54-A04E34541B3E}.Release|Any CPU.Build.0 = Release|Any CPU
		{3A25C862-BD14-4E5A-8869-2B77857E9AED}.Debug|Any CPU.ActiveCfg = Debug|Any CPU
		{3A25C862-BD14-4E5A-8869-2B77857E9AED}.Debug|Any CPU.Build.0 = Debug|Any CPU
		{3A25C862-BD14-4E5A-8869-2B77857E9AED}.Release|Any CPU.ActiveCfg = Release|Any CPU
		{3A25C862-BD14-4E5A-8869-2B77857E9AED}.Release|Any CPU.Build.0 = Release|Any CPU
		{F77F0CE1-7A05-424C-A305-5B44F04B835B}.Debug|Any CPU.ActiveCfg = Debug|Any CPU
		{F77F0CE1-7A05-424C-A305-5B44F04B835B}.Debug|Any CPU.Build.0 = Debug|Any CPU
		{F77F0CE1-7A05-424C-A305-5B44F04B835B}.Release|Any CPU.ActiveCfg = Release|Any CPU
		{F77F0CE1-7A05-424C-A305-5B44F04B835B}.Release|Any CPU.Build.0 = Release|Any CPU
		{9B348193-D37E-4ECE-8047-74270A79A56C}.Debug|Any CPU.ActiveCfg = Debug|Any CPU
		{9B348193-D37E-4ECE-8047-74270A79A56C}.Debug|Any CPU.Build.0 = Debug|Any CPU
		{9B348193-D37E-4ECE-8047-74270A79A56C}.Release|Any CPU.ActiveCfg = Release|Any CPU
		{9B348193-D37E-4ECE-8047-74270A79A56C}.Release|Any CPU.Build.0 = Release|Any CPU
		{9A3BCF23-086F-4762-98DB-710CBBACEAC9}.Debug|Any CPU.ActiveCfg = Debug|Any CPU
		{9A3BCF23-086F-4762-98DB-710CBBACEAC9}.Debug|Any CPU.Build.0 = Debug|Any CPU
		{9A3BCF23-086F-4762-98DB-710CBBACEAC9}.Release|Any CPU.ActiveCfg = Release|Any CPU
		{9A3BCF23-086F-4762-98DB-710CBBACEAC9}.Release|Any CPU.Build.0 = Release|Any CPU
		{CEA96F02-FC84-4A9C-9995-C5F720D09826}.Debug|Any CPU.ActiveCfg = Debug|Any CPU
		{CEA96F02-FC84-4A9C-9995-C5F720D09826}.Debug|Any CPU.Build.0 = Debug|Any CPU
		{CEA96F02-FC84-4A9C-9995-C5F720D09826}.Release|Any CPU.ActiveCfg = Release|Any CPU
		{CEA96F02-FC84-4A9C-9995-C5F720D09826}.Release|Any CPU.Build.0 = Release|Any CPU
		{13B7D891-02BA-40F3-AFF1-896E9643B865}.Debug|Any CPU.ActiveCfg = Debug|Any CPU
		{13B7D891-02BA-40F3-AFF1-896E9643B865}.Debug|Any CPU.Build.0 = Debug|Any CPU
		{13B7D891-02BA-40F3-AFF1-896E9643B865}.Release|Any CPU.ActiveCfg = Release|Any CPU
		{13B7D891-02BA-40F3-AFF1-896E9643B865}.Release|Any CPU.Build.0 = Release|Any CPU
		{14A7CE76-94B8-46EB-9C44-34B5BBD757D4}.Debug|Any CPU.ActiveCfg = Debug|Any CPU
		{14A7CE76-94B8-46EB-9C44-34B5BBD757D4}.Debug|Any CPU.Build.0 = Debug|Any CPU
		{14A7CE76-94B8-46EB-9C44-34B5BBD757D4}.Release|Any CPU.ActiveCfg = Release|Any CPU
		{14A7CE76-94B8-46EB-9C44-34B5BBD757D4}.Release|Any CPU.Build.0 = Release|Any CPU
	EndGlobalSection
	GlobalSection(NestedProjects) = preSolution
		{6F56D9AA-09C6-4602-BEC4-79469129464C} = {5B058E9C-F215-4C64-B120-E1B0B132920E}
		{2BA4B2C5-F570-41D6-9F80-579499EAE9DA} = {4D1C70F7-C170-4256-B5F3-A7D7D822C828}
		{5A6749B3-FE6B-454C-AB54-A04E34541B3E} = {5B058E9C-F215-4C64-B120-E1B0B132920E}
		{3A25C862-BD14-4E5A-8869-2B77857E9AED} = {5B058E9C-F215-4C64-B120-E1B0B132920E}
		{F77F0CE1-7A05-424C-A305-5B44F04B835B} = {4D1C70F7-C170-4256-B5F3-A7D7D822C828}
		{9B348193-D37E-4ECE-8047-74270A79A56C} = {5B058E9C-F215-4C64-B120-E1B0B132920E}
		{9A3BCF23-086F-4762-98DB-710CBBACEAC9} = {4D1C70F7-C170-4256-B5F3-A7D7D822C828}
		{CEA96F02-FC84-4A9C-9995-C5F720D09826} = {5B058E9C-F215-4C64-B120-E1B0B132920E}
		{13B7D891-02BA-40F3-AFF1-896E9643B865} = {4D1C70F7-C170-4256-B5F3-A7D7D822C828}
		{14A7CE76-94B8-46EB-9C44-34B5BBD757D4} = {5B058E9C-F215-4C64-B120-E1B0B132920E}
	EndGlobalSection
EndGlobal
