
Microsoft Visual Studio Solution File, Format Version 12.00
# Visual Studio Version 16
VisualStudioVersion = 16.0.30114.105
MinimumVisualStudioVersion = 10.0.40219.1
Project("{2150E333-8FDC-42A3-9474-1A3956D46DE8}") = "src", "src", "{5B058E9C-F215-4C64-B120-E1B0B132920E}"
EndProject
Project("{F2A71F9B-5D33-465A-A702-920D77279786}") = "MBrace.Core", "src\MBrace.Core\MBrace.Core.fsproj", "{6F56D9AA-09C6-4602-BEC4-79469129464C}"
EndProject
Global
	GlobalSection(SolutionConfigurationPlatforms) = preSolution
		Debug|Any CPU = Debug|Any CPU
		Release|Any CPU = Release|Any CPU
	EndGlobalSection
	GlobalSection(SolutionProperties) = preSolution
		HideSolutionNode = FALSE
	EndGlobalSection
	GlobalSection(ProjectConfigurationPlatforms) = postSolution
		{6F56D9AA-09C6-4602-BEC4-79469129464C}.Debug|Any CPU.ActiveCfg = Debug|Any CPU
		{6F56D9AA-09C6-4602-BEC4-79469129464C}.Debug|Any CPU.Build.0 = Debug|Any CPU
		{6F56D9AA-09C6-4602-BEC4-79469129464C}.Release|Any CPU.ActiveCfg = Release|Any CPU
		{6F56D9AA-09C6-4602-BEC4-79469129464C}.Release|Any CPU.Build.0 = Release|Any CPU
	EndGlobalSection
	GlobalSection(NestedProjects) = preSolution
		{6F56D9AA-09C6-4602-BEC4-79469129464C} = {5B058E9C-F215-4C64-B120-E1B0B132920E}
	EndGlobalSection
EndGlobal
